// !$*UTF8*$!
{
	archiveVersion = 1;
	classes = {
	};
	objectVersion = 55;
	objects = {

/* Begin PBXBuildFile section */
		3F4F904727F3B282009FC120 /* LocationMapView.swift in Sources */ = {isa = PBXBuildFile; fileRef = 3F4F904627F3B282009FC120 /* LocationMapView.swift */; };
		3F4F904927F3B2AD009FC120 /* LocationListView.swift in Sources */ = {isa = PBXBuildFile; fileRef = 3F4F904827F3B2AD009FC120 /* LocationListView.swift */; };
		3F4F904B27F3B2BC009FC120 /* ProfileView.swift in Sources */ = {isa = PBXBuildFile; fileRef = 3F4F904A27F3B2BC009FC120 /* ProfileView.swift */; };
		3F72E1C627F2E58A00AC7320 /* VolymapApp.swift in Sources */ = {isa = PBXBuildFile; fileRef = 3F72E1C527F2E58A00AC7320 /* VolymapApp.swift */; };
		3F72E1CA27F2E58C00AC7320 /* Assets.xcassets in Resources */ = {isa = PBXBuildFile; fileRef = 3F72E1C927F2E58C00AC7320 /* Assets.xcassets */; };
		3F72E1CD27F2E58C00AC7320 /* Preview Assets.xcassets in Resources */ = {isa = PBXBuildFile; fileRef = 3F72E1CC27F2E58C00AC7320 /* Preview Assets.xcassets */; };
		3F72E1D627F3ACB700AC7320 /* CloudKit.framework in Frameworks */ = {isa = PBXBuildFile; fileRef = 3F72E1D527F3ACB700AC7320 /* CloudKit.framework */; };
		3F72E1D827F3AFA400AC7320 /* Color+Ext.swift in Sources */ = {isa = PBXBuildFile; fileRef = 3F72E1D727F3AFA400AC7320 /* Color+Ext.swift */; };
		3F72E1DA27F3B01600AC7320 /* AppTabView.swift in Sources */ = {isa = PBXBuildFile; fileRef = 3F72E1D927F3B01600AC7320 /* AppTabView.swift */; };
		3F8BD5D127FB6EAF002B4776 /* LocationDetailView.swift in Sources */ = {isa = PBXBuildFile; fileRef = 3F8BD5D027FB6EAF002B4776 /* LocationDetailView.swift */; };
/* End PBXBuildFile section */

/* Begin PBXFileReference section */
		3F4F904627F3B282009FC120 /* LocationMapView.swift */ = {isa = PBXFileReference; lastKnownFileType = sourcecode.swift; path = LocationMapView.swift; sourceTree = "<group>"; };
		3F4F904827F3B2AD009FC120 /* LocationListView.swift */ = {isa = PBXFileReference; lastKnownFileType = sourcecode.swift; path = LocationListView.swift; sourceTree = "<group>"; };
		3F4F904A27F3B2BC009FC120 /* ProfileView.swift */ = {isa = PBXFileReference; lastKnownFileType = sourcecode.swift; path = ProfileView.swift; sourceTree = "<group>"; };
		3F72E1C227F2E58A00AC7320 /* Volymap.app */ = {isa = PBXFileReference; explicitFileType = wrapper.application; includeInIndex = 0; path = Volymap.app; sourceTree = BUILT_PRODUCTS_DIR; };
		3F72E1C527F2E58A00AC7320 /* VolymapApp.swift */ = {isa = PBXFileReference; lastKnownFileType = sourcecode.swift; path = VolymapApp.swift; sourceTree = "<group>"; };
		3F72E1C927F2E58C00AC7320 /* Assets.xcassets */ = {isa = PBXFileReference; lastKnownFileType = folder.assetcatalog; path = Assets.xcassets; sourceTree = "<group>"; };
		3F72E1CC27F2E58C00AC7320 /* Preview Assets.xcassets */ = {isa = PBXFileReference; lastKnownFileType = folder.assetcatalog; path = "Preview Assets.xcassets"; sourceTree = "<group>"; };
		3F72E1D327F3ACB300AC7320 /* Volymap.entitlements */ = {isa = PBXFileReference; lastKnownFileType = text.plist.entitlements; path = Volymap.entitlements; sourceTree = "<group>"; };
		3F72E1D527F3ACB700AC7320 /* CloudKit.framework */ = {isa = PBXFileReference; lastKnownFileType = wrapper.framework; name = CloudKit.framework; path = System/Library/Frameworks/CloudKit.framework; sourceTree = SDKROOT; };
		3F72E1D727F3AFA400AC7320 /* Color+Ext.swift */ = {isa = PBXFileReference; lastKnownFileType = sourcecode.swift; path = "Color+Ext.swift"; sourceTree = "<group>"; };
		3F72E1D927F3B01600AC7320 /* AppTabView.swift */ = {isa = PBXFileReference; lastKnownFileType = sourcecode.swift; path = AppTabView.swift; sourceTree = "<group>"; };
		3F8BD5D027FB6EAF002B4776 /* LocationDetailView.swift */ = {isa = PBXFileReference; lastKnownFileType = sourcecode.swift; path = LocationDetailView.swift; sourceTree = "<group>"; };
/* End PBXFileReference section */

/* Begin PBXFrameworksBuildPhase section */
		3F72E1BF27F2E58A00AC7320 /* Frameworks */ = {
			isa = PBXFrameworksBuildPhase;
			buildActionMask = 2147483647;
			files = (
				3F72E1D627F3ACB700AC7320 /* CloudKit.framework in Frameworks */,
			);
			runOnlyForDeploymentPostprocessing = 0;
		};
/* End PBXFrameworksBuildPhase section */

/* Begin PBXGroup section */
		3F72E1B927F2E58A00AC7320 = {
			isa = PBXGroup;
			children = (
				3F72E1C427F2E58A00AC7320 /* Volymap */,
				3F72E1C327F2E58A00AC7320 /* Products */,
				3F72E1D427F3ACB700AC7320 /* Frameworks */,
			);
			sourceTree = "<group>";
		};
		3F72E1C327F2E58A00AC7320 /* Products */ = {
			isa = PBXGroup;
			children = (
				3F72E1C227F2E58A00AC7320 /* Volymap.app */,
			);
			name = Products;
			sourceTree = "<group>";
		};
		3F72E1C427F2E58A00AC7320 /* Volymap */ = {
			isa = PBXGroup;
			children = (
				3F72E1D327F3ACB300AC7320 /* Volymap.entitlements */,
				3F72E1C527F2E58A00AC7320 /* VolymapApp.swift */,
				3F72E1C927F2E58C00AC7320 /* Assets.xcassets */,
				3F72E1CB27F2E58C00AC7320 /* Preview Content */,
				3F72E1D727F3AFA400AC7320 /* Color+Ext.swift */,
				3F72E1D927F3B01600AC7320 /* AppTabView.swift */,
				3F4F904627F3B282009FC120 /* LocationMapView.swift */,
				3F4F904827F3B2AD009FC120 /* LocationListView.swift */,
				3F4F904A27F3B2BC009FC120 /* ProfileView.swift */,
				3F8BD5D027FB6EAF002B4776 /* LocationDetailView.swift */,
			);
			path = Volymap;
			sourceTree = "<group>";
		};
		3F72E1CB27F2E58C00AC7320 /* Preview Content */ = {
			isa = PBXGroup;
			children = (
				3F72E1CC27F2E58C00AC7320 /* Preview Assets.xcassets */,
			);
			path = "Preview Content";
			sourceTree = "<group>";
		};
		3F72E1D427F3ACB700AC7320 /* Frameworks */ = {
			isa = PBXGroup;
			children = (
				3F72E1D527F3ACB700AC7320 /* CloudKit.framework */,
			);
			name = Frameworks;
			sourceTree = "<group>";
		};
/* End PBXGroup section */

/* Begin PBXNativeTarget section */
		3F72E1C127F2E58A00AC7320 /* Volymap */ = {
			isa = PBXNativeTarget;
			buildConfigurationList = 3F72E1D027F2E58C00AC7320 /* Build configuration list for PBXNativeTarget "Volymap" */;
			buildPhases = (
				3F72E1BE27F2E58A00AC7320 /* Sources */,
				3F72E1BF27F2E58A00AC7320 /* Frameworks */,
				3F72E1C027F2E58A00AC7320 /* Resources */,
			);
			buildRules = (
			);
			dependencies = (
			);
			name = Volymap;
			productName = Volymap;
			productReference = 3F72E1C227F2E58A00AC7320 /* Volymap.app */;
			productType = "com.apple.product-type.application";
		};
/* End PBXNativeTarget section */

/* Begin PBXProject section */
		3F72E1BA27F2E58A00AC7320 /* Project object */ = {
			isa = PBXProject;
			attributes = {
				BuildIndependentTargetsInParallel = 1;
				LastSwiftUpdateCheck = 1330;
				LastUpgradeCheck = 1330;
				ORGANIZATIONNAME = Kuday;
				TargetAttributes = {
					3F72E1C127F2E58A00AC7320 = {
						CreatedOnToolsVersion = 13.3;
					};
				};
			};
			buildConfigurationList = 3F72E1BD27F2E58A00AC7320 /* Build configuration list for PBXProject "Volymap" */;
			compatibilityVersion = "Xcode 13.0";
			developmentRegion = en;
			hasScannedForEncodings = 0;
			knownRegions = (
				en,
				Base,
			);
			mainGroup = 3F72E1B927F2E58A00AC7320;
			productRefGroup = 3F72E1C327F2E58A00AC7320 /* Products */;
			projectDirPath = "";
			projectRoot = "";
			targets = (
				3F72E1C127F2E58A00AC7320 /* Volymap */,
			);
		};
/* End PBXProject section */

/* Begin PBXResourcesBuildPhase section */
		3F72E1C027F2E58A00AC7320 /* Resources */ = {
			isa = PBXResourcesBuildPhase;
			buildActionMask = 2147483647;
			files = (
				3F72E1CD27F2E58C00AC7320 /* Preview Assets.xcassets in Resources */,
				3F72E1CA27F2E58C00AC7320 /* Assets.xcassets in Resources */,
			);
			runOnlyForDeploymentPostprocessing = 0;
		};
/* End PBXResourcesBuildPhase section */

/* Begin PBXSourcesBuildPhase section */
		3F72E1BE27F2E58A00AC7320 /* Sources */ = {
			isa = PBXSourcesBuildPhase;
			buildActionMask = 2147483647;
			files = (
				3F72E1C627F2E58A00AC7320 /* VolymapApp.swift in Sources */,
				3F4F904727F3B282009FC120 /* LocationMapView.swift in Sources */,
				3F4F904927F3B2AD009FC120 /* LocationListView.swift in Sources */,
				3F8BD5D127FB6EAF002B4776 /* LocationDetailView.swift in Sources */,
				3F72E1DA27F3B01600AC7320 /* AppTabView.swift in Sources */,
				3F4F904B27F3B2BC009FC120 /* ProfileView.swift in Sources */,
				3F72E1D827F3AFA400AC7320 /* Color+Ext.swift in Sources */,
			);
			runOnlyForDeploymentPostprocessing = 0;
		};
/* End PBXSourcesBuildPhase section */

/* Begin XCBuildConfiguration section */
		3F72E1CE27F2E58C00AC7320 /* Debug */ = {
			isa = XCBuildConfiguration;
			buildSettings = {
				ALWAYS_SEARCH_USER_PATHS = NO;
				CLANG_ANALYZER_NONNULL = YES;
				CLANG_ANALYZER_NUMBER_OBJECT_CONVERSION = YES_AGGRESSIVE;
				CLANG_CXX_LANGUAGE_STANDARD = "gnu++17";
				CLANG_ENABLE_MODULES = YES;
				CLANG_ENABLE_OBJC_ARC = YES;
				CLANG_ENABLE_OBJC_WEAK = YES;
				CLANG_WARN_BLOCK_CAPTURE_AUTORELEASING = YES;
				CLANG_WARN_BOOL_CONVERSION = YES;
				CLANG_WARN_COMMA = YES;
				CLANG_WARN_CONSTANT_CONVERSION = YES;
				CLANG_WARN_DEPRECATED_OBJC_IMPLEMENTATIONS = YES;
				CLANG_WARN_DIRECT_OBJC_ISA_USAGE = YES_ERROR;
				CLANG_WARN_DOCUMENTATION_COMMENTS = YES;
				CLANG_WARN_EMPTY_BODY = YES;
				CLANG_WARN_ENUM_CONVERSION = YES;
				CLANG_WARN_INFINITE_RECURSION = YES;
				CLANG_WARN_INT_CONVERSION = YES;
				CLANG_WARN_NON_LITERAL_NULL_CONVERSION = YES;
				CLANG_WARN_OBJC_IMPLICIT_RETAIN_SELF = YES;
				CLANG_WARN_OBJC_LITERAL_CONVERSION = YES;
				CLANG_WARN_OBJC_ROOT_CLASS = YES_ERROR;
				CLANG_WARN_QUOTED_INCLUDE_IN_FRAMEWORK_HEADER = YES;
				CLANG_WARN_RANGE_LOOP_ANALYSIS = YES;
				CLANG_WARN_STRICT_PROTOTYPES = YES;
				CLANG_WARN_SUSPICIOUS_MOVE = YES;
				CLANG_WARN_UNGUARDED_AVAILABILITY = YES_AGGRESSIVE;
				CLANG_WARN_UNREACHABLE_CODE = YES;
				CLANG_WARN__DUPLICATE_METHOD_MATCH = YES;
				COPY_PHASE_STRIP = NO;
				DEBUG_INFORMATION_FORMAT = dwarf;
				ENABLE_STRICT_OBJC_MSGSEND = YES;
				ENABLE_TESTABILITY = YES;
				GCC_C_LANGUAGE_STANDARD = gnu11;
				GCC_DYNAMIC_NO_PIC = NO;
				GCC_NO_COMMON_BLOCKS = YES;
				GCC_OPTIMIZATION_LEVEL = 0;
				GCC_PREPROCESSOR_DEFINITIONS = (
					"DEBUG=1",
					"$(inherited)",
				);
				GCC_WARN_64_TO_32_BIT_CONVERSION = YES;
				GCC_WARN_ABOUT_RETURN_TYPE = YES_ERROR;
				GCC_WARN_UNDECLARED_SELECTOR = YES;
				GCC_WARN_UNINITIALIZED_AUTOS = YES_AGGRESSIVE;
				GCC_WARN_UNUSED_FUNCTION = YES;
				GCC_WARN_UNUSED_VARIABLE = YES;
				IPHONEOS_DEPLOYMENT_TARGET = 15.4;
				MTL_ENABLE_DEBUG_INFO = INCLUDE_SOURCE;
				MTL_FAST_MATH = YES;
				ONLY_ACTIVE_ARCH = YES;
				SDKROOT = iphoneos;
				SWIFT_ACTIVE_COMPILATION_CONDITIONS = DEBUG;
				SWIFT_OPTIMIZATION_LEVEL = "-Onone";
			};
			name = Debug;
		};
		3F72E1CF27F2E58C00AC7320 /* Release */ = {
			isa = XCBuildConfiguration;
			buildSettings = {
				ALWAYS_SEARCH_USER_PATHS = NO;
				CLANG_ANALYZER_NONNULL = YES;
				CLANG_ANALYZER_NUMBER_OBJECT_CONVERSION = YES_AGGRESSIVE;
				CLANG_CXX_LANGUAGE_STANDARD = "gnu++17";
				CLANG_ENABLE_MODULES = YES;
				CLANG_ENABLE_OBJC_ARC = YES;
				CLANG_ENABLE_OBJC_WEAK = YES;
				CLANG_WARN_BLOCK_CAPTURE_AUTORELEASING = YES;
				CLANG_WARN_BOOL_CONVERSION = YES;
				CLANG_WARN_COMMA = YES;
				CLANG_WARN_CONSTANT_CONVERSION = YES;
				CLANG_WARN_DEPRECATED_OBJC_IMPLEMENTATIONS = YES;
				CLANG_WARN_DIRECT_OBJC_ISA_USAGE = YES_ERROR;
				CLANG_WARN_DOCUMENTATION_COMMENTS = YES;
				CLANG_WARN_EMPTY_BODY = YES;
				CLANG_WARN_ENUM_CONVERSION = YES;
				CLANG_WARN_INFINITE_RECURSION = YES;
				CLANG_WARN_INT_CONVERSION = YES;
				CLANG_WARN_NON_LITERAL_NULL_CONVERSION = YES;
				CLANG_WARN_OBJC_IMPLICIT_RETAIN_SELF = YES;
				CLANG_WARN_OBJC_LITERAL_CONVERSION = YES;
				CLANG_WARN_OBJC_ROOT_CLASS = YES_ERROR;
				CLANG_WARN_QUOTED_INCLUDE_IN_FRAMEWORK_HEADER = YES;
				CLANG_WARN_RANGE_LOOP_ANALYSIS = YES;
				CLANG_WARN_STRICT_PROTOTYPES = YES;
				CLANG_WARN_SUSPICIOUS_MOVE = YES;
				CLANG_WARN_UNGUARDED_AVAILABILITY = YES_AGGRESSIVE;
				CLANG_WARN_UNREACHABLE_CODE = YES;
				CLANG_WARN__DUPLICATE_METHOD_MATCH = YES;
				COPY_PHASE_STRIP = NO;
				DEBUG_INFORMATION_FORMAT = "dwarf-with-dsym";
				ENABLE_NS_ASSERTIONS = NO;
				ENABLE_STRICT_OBJC_MSGSEND = YES;
				GCC_C_LANGUAGE_STANDARD = gnu11;
				GCC_NO_COMMON_BLOCKS = YES;
				GCC_WARN_64_TO_32_BIT_CONVERSION = YES;
				GCC_WARN_ABOUT_RETURN_TYPE = YES_ERROR;
				GCC_WARN_UNDECLARED_SELECTOR = YES;
				GCC_WARN_UNINITIALIZED_AUTOS = YES_AGGRESSIVE;
				GCC_WARN_UNUSED_FUNCTION = YES;
				GCC_WARN_UNUSED_VARIABLE = YES;
				IPHONEOS_DEPLOYMENT_TARGET = 15.4;
				MTL_ENABLE_DEBUG_INFO = NO;
				MTL_FAST_MATH = YES;
				SDKROOT = iphoneos;
				SWIFT_COMPILATION_MODE = wholemodule;
				SWIFT_OPTIMIZATION_LEVEL = "-O";
				VALIDATE_PRODUCT = YES;
			};
			name = Release;
		};
		3F72E1D127F2E58C00AC7320 /* Debug */ = {
			isa = XCBuildConfiguration;
			buildSettings = {
				ASSETCATALOG_COMPILER_APPICON_NAME = AppIcon;
				ASSETCATALOG_COMPILER_GLOBAL_ACCENT_COLOR_NAME = AccentColor;
				CODE_SIGN_ENTITLEMENTS = Volymap/Volymap.entitlements;
				CODE_SIGN_STYLE = Automatic;
				CURRENT_PROJECT_VERSION = 1;
				DEVELOPMENT_ASSET_PATHS = "\"Volymap/Preview Content\"";
				DEVELOPMENT_TEAM = 325QXE66NB;
				ENABLE_PREVIEWS = YES;
				GENERATE_INFOPLIST_FILE = YES;
				INFOPLIST_KEY_UIApplicationSceneManifest_Generation = YES;
				INFOPLIST_KEY_UIApplicationSupportsIndirectInputEvents = YES;
				INFOPLIST_KEY_UILaunchScreen_Generation = YES;
				INFOPLIST_KEY_UISupportedInterfaceOrientations_iPad = "UIInterfaceOrientationPortrait UIInterfaceOrientationPortraitUpsideDown UIInterfaceOrientationLandscapeLeft UIInterfaceOrientationLandscapeRight";
				INFOPLIST_KEY_UISupportedInterfaceOrientations_iPhone = "UIInterfaceOrientationPortrait UIInterfaceOrientationLandscapeLeft UIInterfaceOrientationLandscapeRight";
				LD_RUNPATH_SEARCH_PATHS = (
					"$(inherited)",
					"@executable_path/Frameworks",
				);
				MARKETING_VERSION = 1.0;
				PRODUCT_BUNDLE_IDENTIFIER = com.kuday.VolymapV1;
				PRODUCT_NAME = "$(TARGET_NAME)";
				SWIFT_EMIT_LOC_STRINGS = YES;
				SWIFT_VERSION = 5.0;
				TARGETED_DEVICE_FAMILY = "1,2";
			};
			name = Debug;
		};
		3F72E1D227F2E58C00AC7320 /* Release */ = {
			isa = XCBuildConfiguration;
			buildSettings = {
				ASSETCATALOG_COMPILER_APPICON_NAME = AppIcon;
				ASSETCATALOG_COMPILER_GLOBAL_ACCENT_COLOR_NAME = AccentColor;
				CODE_SIGN_ENTITLEMENTS = Volymap/Volymap.entitlements;
				CODE_SIGN_STYLE = Automatic;
				CURRENT_PROJECT_VERSION = 1;
				DEVELOPMENT_ASSET_PATHS = "\"Volymap/Preview Content\"";
				DEVELOPMENT_TEAM = 325QXE66NB;
				ENABLE_PREVIEWS = YES;
				GENERATE_INFOPLIST_FILE = YES;
				INFOPLIST_KEY_UIApplicationSceneManifest_Generation = YES;
				INFOPLIST_KEY_UIApplicationSupportsIndirectInputEvents = YES;
				INFOPLIST_KEY_UILaunchScreen_Generation = YES;
				INFOPLIST_KEY_UISupportedInterfaceOrientations_iPad = "UIInterfaceOrientationPortrait UIInterfaceOrientationPortraitUpsideDown UIInterfaceOrientationLandscapeLeft UIInterfaceOrientationLandscapeRight";
				INFOPLIST_KEY_UISupportedInterfaceOrientations_iPhone = "UIInterfaceOrientationPortrait UIInterfaceOrientationLandscapeLeft UIInterfaceOrientationLandscapeRight";
				LD_RUNPATH_SEARCH_PATHS = (
					"$(inherited)",
					"@executable_path/Frameworks",
				);
				MARKETING_VERSION = 1.0;
				PRODUCT_BUNDLE_IDENTIFIER = com.kuday.VolymapV1;
				PRODUCT_NAME = "$(TARGET_NAME)";
				SWIFT_EMIT_LOC_STRINGS = YES;
				SWIFT_VERSION = 5.0;
				TARGETED_DEVICE_FAMILY = "1,2";
			};
			name = Release;
		};
/* End XCBuildConfiguration section */

/* Begin XCConfigurationList section */
		3F72E1BD27F2E58A00AC7320 /* Build configuration list for PBXProject "Volymap" */ = {
			isa = XCConfigurationList;
			buildConfigurations = (
				3F72E1CE27F2E58C00AC7320 /* Debug */,
				3F72E1CF27F2E58C00AC7320 /* Release */,
			);
			defaultConfigurationIsVisible = 0;
			defaultConfigurationName = Release;
		};
		3F72E1D027F2E58C00AC7320 /* Build configuration list for PBXNativeTarget "Volymap" */ = {
			isa = XCConfigurationList;
			buildConfigurations = (
				3F72E1D127F2E58C00AC7320 /* Debug */,
				3F72E1D227F2E58C00AC7320 /* Release */,
			);
			defaultConfigurationIsVisible = 0;
			defaultConfigurationName = Release;
		};
/* End XCConfigurationList section */
	};
	rootObject = 3F72E1BA27F2E58A00AC7320 /* Project object */;
}
